{
  "name": "lux-sheets",
  "version": "1.0.0",
  "lockfileVersion": 2,
  "requires": true,
  "packages": {
    "": {
      "name": "lux-sheets",
      "version": "1.0.0",
      "license": "ISC",
      "dependencies": {
        "csv-reader": "^1.0.8",
        "lodash": "^4.17.21"
      }
    },
    "node_modules/csv-reader": {
      "version": "1.0.8",
      "resolved": "https://registry.npmjs.org/csv-reader/-/csv-reader-1.0.8.tgz",
      "integrity": "sha512-EK03OmXoet2dljwfJoY7/M6C+DmsthQgObpXfO6yCQ2HKNVSBd9uQ3TDzlfbfDhSn8mgmnPR2oEUftip3VihTw==",
      "engines": {
        "node": ">=8.0.0"
      }
    },
    "node_modules/lodash": {
      "version": "4.17.21",
      "resolved": "https://registry.npmjs.org/lodash/-/lodash-4.17.21.tgz",
      "integrity": "sha512-v2kDEe57lecTulaDIuNTPy3Ry4gLGJ6Z1O3vE1krgXZNrsQ+LFTGHVxVjcXPs17LhbZVGedAJv8XZ1tvj5FvSg=="
    }
  },
  "dependencies": {
    "csv-reader": {
      "version": "1.0.8",
      "resolved": "https://registry.npmjs.org/csv-reader/-/csv-reader-1.0.8.tgz",
      "integrity": "sha512-EK03OmXoet2dljwfJoY7/M6C+DmsthQgObpXfO6yCQ2HKNVSBd9uQ3TDzlfbfDhSn8mgmnPR2oEUftip3VihTw=="
    },
    "lodash": {
      "version": "4.17.21",
      "resolved": "https://registry.npmjs.org/lodash/-/lodash-4.17.21.tgz",
      "integrity": "sha512-v2kDEe57lecTulaDIuNTPy3Ry4gLGJ6Z1O3vE1krgXZNrsQ+LFTGHVxVjcXPs17LhbZVGedAJv8XZ1tvj5FvSg=="
    }
  }
}
